
Microsoft Visual Studio Solution File, Format Version 12.00
# Visual Studio Version 17
VisualStudioVersion = 17.8.34316.72
MinimumVisualStudioVersion = 10.0.40219.1
Project("{FAE04EC0-301F-11D3-BF4B-00C04F79EFBC}") = "Homework_04_12", "Homework_04_12.csproj", "{026C6576-A81C-41E5-A03A-E5B24A292B6A}"
EndProject
Global
	GlobalSection(SolutionConfigurationPlatforms) = preSolution
		Debug|Any CPU = Debug|Any CPU
		Release|Any CPU = Release|Any CPU
	EndGlobalSection
	GlobalSection(ProjectConfigurationPlatforms) = postSolution
		{026C6576-A81C-41E5-A03A-E5B24A292B6A}.Debug|Any CPU.ActiveCfg = Debug|Any CPU
		{026C6576-A81C-41E5-A03A-E5B24A292B6A}.Debug|Any CPU.Build.0 = Debug|Any CPU
		{026C6576-A81C-41E5-A03A-E5B24A292B6A}.Release|Any CPU.ActiveCfg = Release|Any CPU
		{026C6576-A81C-41E5-A03A-E5B24A292B6A}.Release|Any CPU.Build.0 = Release|Any CPU
	EndGlobalSection
	GlobalSection(SolutionProperties) = preSolution
		HideSolutionNode = FALSE
	EndGlobalSection
	GlobalSection(ExtensibilityGlobals) = postSolution
		SolutionGuid = {8AFB19BC-20AC-4CB9-B7FF-C19FFA9BFEFB}
	EndGlobalSection
EndGlobal
